{
  "name": "blokk",
  "version": "0.1.0",
  "lockfileVersion": 2,
  "requires": true,
  "packages": {
    "": {
      "version": "0.1.0",
      "license": "ISC",
      "dependencies": {
        "spekky": "^0.1.2"
      }
    },
    "node_modules/spekky": {
      "version": "0.1.2",
      "resolved": "https://registry.npmjs.org/spekky/-/spekky-0.1.2.tgz",
      "integrity": "sha512-jEx7aGFriINqfC02w94suewdg4oqsRqZT4TKri8LJL0gDZOCEqGx1jEZzWmFM+ePTN6UJeBTuvTBKuHHaaJlQg=="
    }
  },
  "dependencies": {
    "spekky": {
      "version": "0.1.2",
      "resolved": "https://registry.npmjs.org/spekky/-/spekky-0.1.2.tgz",
      "integrity": "sha512-jEx7aGFriINqfC02w94suewdg4oqsRqZT4TKri8LJL0gDZOCEqGx1jEZzWmFM+ePTN6UJeBTuvTBKuHHaaJlQg=="
    }
  }
}
